
Microsoft Visual Studio Solution File, Format Version 12.00
# Visual Studio Version 17
VisualStudioVersion = 17.1.32228.430
MinimumVisualStudioVersion = 10.0.40219.1
Project("{FAE04EC0-301F-11D3-BF4B-00C04F79EFBC}") = "Vendas", "Vendas.csproj", "{381D46A3-FF8B-469A-B480-E39EEA17317E}"
EndProject
Global
	GlobalSection(SolutionConfigurationPlatforms) = preSolution
		Debug|Any CPU = Debug|Any CPU
		Release|Any CPU = Release|Any CPU
	EndGlobalSection
	GlobalSection(ProjectConfigurationPlatforms) = postSolution
		{381D46A3-FF8B-469A-B480-E39EEA17317E}.Debug|Any CPU.ActiveCfg = Debug|Any CPU
		{381D46A3-FF8B-469A-B480-E39EEA17317E}.Debug|Any CPU.Build.0 = Debug|Any CPU
		{381D46A3-FF8B-469A-B480-E39EEA17317E}.Release|Any CPU.ActiveCfg = Release|Any CPU
		{381D46A3-FF8B-469A-B480-E39EEA17317E}.Release|Any CPU.Build.0 = Release|Any CPU
	EndGlobalSection
	GlobalSection(SolutionProperties) = preSolution
		HideSolutionNode = FALSE
	EndGlobalSection
	GlobalSection(ExtensibilityGlobals) = postSolution
		SolutionGuid = {A566F494-AA59-47D6-B1DE-6C9ABE891318}
	EndGlobalSection
EndGlobal
